// !$*UTF8*$!
{
	archiveVersion = 1;
	classes = {
	};
	objectVersion = 46;
	objects = {

/* Begin PBXBuildFile section */
		D788AAF21D9F76D70077AA0B /* AppDelegate.swift in Sources */ = {isa = PBXBuildFile; fileRef = D788AAF11D9F76D70077AA0B /* AppDelegate.swift */; };
		D788AAF41D9F76D70077AA0B /* ViewController.swift in Sources */ = {isa = PBXBuildFile; fileRef = D788AAF31D9F76D70077AA0B /* ViewController.swift */; };
		D788AAF71D9F76D70077AA0B /* Main.storyboard in Resources */ = {isa = PBXBuildFile; fileRef = D788AAF51D9F76D70077AA0B /* Main.storyboard */; };
		D788AAF91D9F76D70077AA0B /* Assets.xcassets in Resources */ = {isa = PBXBuildFile; fileRef = D788AAF81D9F76D70077AA0B /* Assets.xcassets */; };
		D788AAFC1D9F76D70077AA0B /* LaunchScreen.storyboard in Resources */ = {isa = PBXBuildFile; fileRef = D788AAFA1D9F76D70077AA0B /* LaunchScreen.storyboard */; };
/* End PBXBuildFile section */

/* Begin PBXFileReference section */
		D788AAEE1D9F76D70077AA0B /* UserDefaultsLesson.app */ = {isa = PBXFileReference; explicitFileType = wrapper.application; includeInIndex = 0; path = UserDefaultsLesson.app; sourceTree = BUILT_PRODUCTS_DIR; };
		D788AAF11D9F76D70077AA0B /* AppDelegate.swift */ = {isa = PBXFileReference; lastKnownFileType = sourcecode.swift; path = AppDelegate.swift; sourceTree = "<group>"; };
		D788AAF31D9F76D70077AA0B /* ViewController.swift */ = {isa = PBXFileReference; lastKnownFileType = sourcecode.swift; path = ViewController.swift; sourceTree = "<group>"; };
		D788AAF61D9F76D70077AA0B /* Base */ = {isa = PBXFileReference; lastKnownFileType = file.storyboard; name = Base; path = Base.lproj/Main.storyboard; sourceTree = "<group>"; };
		D788AAF81D9F76D70077AA0B /* Assets.xcassets */ = {isa = PBXFileReference; lastKnownFileType = folder.assetcatalog; path = Assets.xcassets; sourceTree = "<group>"; };
		D788AAFB1D9F76D70077AA0B /* Base */ = {isa = PBXFileReference; lastKnownFileType = file.storyboard; name = Base; path = Base.lproj/LaunchScreen.storyboard; sourceTree = "<group>"; };
		D788AAFD1D9F76D70077AA0B /* Info.plist */ = {isa = PBXFileReference; lastKnownFileType = text.plist.xml; path = Info.plist; sourceTree = "<group>"; };
/* End PBXFileReference section */

/* Begin PBXFrameworksBuildPhase section */
		D788AAEB1D9F76D70077AA0B /* Frameworks */ = {
			isa = PBXFrameworksBuildPhase;
			buildActionMask = 2147483647;
			files = (
			);
			runOnlyForDeploymentPostprocessing = 0;
		};
/* End PBXFrameworksBuildPhase section */

/* Begin PBXGroup section */
		D788AAE51D9F76D70077AA0B = {
			isa = PBXGroup;
			children = (
				D788AAF01D9F76D70077AA0B /* UserDefaultsLesson */,
				D788AAEF1D9F76D70077AA0B /* Products */,
			);
			sourceTree = "<group>";
		};
		D788AAEF1D9F76D70077AA0B /* Products */ = {
			isa = PBXGroup;
			children = (
				D788AAEE1D9F76D70077AA0B /* UserDefaultsLesson.app */,
			);
			name = Products;
			sourceTree = "<group>";
		};
		D788AAF01D9F76D70077AA0B /* UserDefaultsLesson */ = {
			isa = PBXGroup;
			children = (
				D788AAF11D9F76D70077AA0B /* AppDelegate.swift */,
				D788AAF31D9F76D70077AA0B /* ViewController.swift */,
				D788AAF51D9F76D70077AA0B /* Main.storyboard */,
				D788AAF81D9F76D70077AA0B /* Assets.xcassets */,
				D788AAFA1D9F76D70077AA0B /* LaunchScreen.storyboard */,
				D788AAFD1D9F76D70077AA0B /* Info.plist */,
			);
			path = UserDefaultsLesson;
			sourceTree = "<group>";
		};
/* End PBXGroup section */

/* Begin PBXNativeTarget section */
		D788AAED1D9F76D70077AA0B /* UserDefaultsLesson */ = {
			isa = PBXNativeTarget;
			buildConfigurationList = D788AB001D9F76D70077AA0B /* Build configuration list for PBXNativeTarget "UserDefaultsLesson" */;
			buildPhases = (
				D788AAEA1D9F76D70077AA0B /* Sources */,
				D788AAEB1D9F76D70077AA0B /* Frameworks */,
				D788AAEC1D9F76D70077AA0B /* Resources */,
			);
			buildRules = (
			);
			dependencies = (
			);
			name = UserDefaultsLesson;
			productName = UserDefaultsLesson;
			productReference = D788AAEE1D9F76D70077AA0B /* UserDefaultsLesson.app */;
			productType = "com.apple.product-type.application";
		};
/* End PBXNativeTarget section */

/* Begin PBXProject section */
		D788AAE61D9F76D70077AA0B /* Project object */ = {
			isa = PBXProject;
			attributes = {
				LastSwiftUpdateCheck = 0800;
				LastUpgradeCheck = 0800;
				ORGANIZATIONNAME = "Denver Coder";
				TargetAttributes = {
					D788AAED1D9F76D70077AA0B = {
						CreatedOnToolsVersion = 8.0;
						DevelopmentTeam = 88UZ84VZEF;
						ProvisioningStyle = Automatic;
					};
				};
			};
			buildConfigurationList = D788AAE91D9F76D70077AA0B /* Build configuration list for PBXProject "UserDefaultsLesson" */;
			compatibilityVersion = "Xcode 3.2";
			developmentRegion = English;
			hasScannedForEncodings = 0;
			knownRegions = (
				en,
				Base,
			);
			mainGroup = D788AAE51D9F76D70077AA0B;
			productRefGroup = D788AAEF1D9F76D70077AA0B /* Products */;
			projectDirPath = "";
			projectRoot = "";
			targets = (
				D788AAED1D9F76D70077AA0B /* UserDefaultsLesson */,
			);
		};
/* End PBXProject section */

/* Begin PBXResourcesBuildPhase section */
		D788AAEC1D9F76D70077AA0B /* Resources */ = {
			isa = PBXResourcesBuildPhase;
			buildActionMask = 2147483647;
			files = (
				D788AAFC1D9F76D70077AA0B /* LaunchScreen.storyboard in Resources */,
				D788AAF91D9F76D70077AA0B /* Assets.xcassets in Resources */,
				D788AAF71D9F76D70077AA0B /* Main.storyboard in Resources */,
			);
			runOnlyForDeploymentPostprocessing = 0;
		};
/* End PBXResourcesBuildPhase section */

/* Begin PBXSourcesBuildPhase section */
		D788AAEA1D9F76D70077AA0B /* Sources */ = {
			isa = PBXSourcesBuildPhase;
			buildActionMask = 2147483647;
			files = (
				D788AAF41D9F76D70077AA0B /* ViewController.swift in Sources */,
				D788AAF21D9F76D70077AA0B /* AppDelegate.swift in Sources */,
			);
			runOnlyForDeploymentPostprocessing = 0;
		};
/* End PBXSourcesBuildPhase section */

/* Begin PBXVariantGroup section */
		D788AAF51D9F76D70077AA0B /* Main.storyboard */ = {
			isa = PBXVariantGroup;
			children = (
				D788AAF61D9F76D70077AA0B /* Base */,
			);
			name = Main.storyboard;
			sourceTree = "<group>";
		};
		D788AAFA1D9F76D70077AA0B /* LaunchScreen.storyboard */ = {
			isa = PBXVariantGroup;
			children = (
				D788AAFB1D9F76D70077AA0B /* Base */,
			);
			name = LaunchScreen.storyboard;
			sourceTree = "<group>";
		};
/* End PBXVariantGroup section */

/* Begin XCBuildConfiguration section */
		D788AAFE1D9F76D70077AA0B /* Debug */ = {
			isa = XCBuildConfiguration;
			buildSettings = {
				ALWAYS_SEARCH_USER_PATHS = NO;
				CLANG_ANALYZER_NONNULL = YES;
				CLANG_CXX_LANGUAGE_STANDARD = "gnu++0x";
				CLANG_CXX_LIBRARY = "libc++";
				CLANG_ENABLE_MODULES = YES;
				CLANG_ENABLE_OBJC_ARC = YES;
				CLANG_WARN_BOOL_CONVERSION = YES;
				CLANG_WARN_CONSTANT_CONVERSION = YES;
				CLANG_WARN_DIRECT_OBJC_ISA_USAGE = YES_ERROR;
				CLANG_WARN_DOCUMENTATION_COMMENTS = YES;
				CLANG_WARN_EMPTY_BODY = YES;
				CLANG_WARN_ENUM_CONVERSION = YES;
				CLANG_WARN_INFINITE_RECURSION = YES;
				CLANG_WARN_INT_CONVERSION = YES;
				CLANG_WARN_OBJC_ROOT_CLASS = YES_ERROR;
				CLANG_WARN_SUSPICIOUS_MOVES = YES;
				CLANG_WARN_UNREACHABLE_CODE = YES;
				CLANG_WARN__DUPLICATE_METHOD_MATCH = YES;
				"CODE_SIGN_IDENTITY[sdk=iphoneos*]" = "iPhone Developer";
				COPY_PHASE_STRIP = NO;
				DEBUG_INFORMATION_FORMAT = dwarf;
				ENABLE_STRICT_OBJC_MSGSEND = YES;
				ENABLE_TESTABILITY = YES;
				GCC_C_LANGUAGE_STANDARD = gnu99;
				GCC_DYNAMIC_NO_PIC = NO;
				GCC_NO_COMMON_BLOCKS = YES;
				GCC_OPTIMIZATION_LEVEL = 0;
				GCC_PREPROCESSOR_DEFINITIONS = (
					"DEBUG=1",
					"$(inherited)",
				);
				GCC_WARN_64_TO_32_BIT_CONVERSION = YES;
				GCC_WARN_ABOUT_RETURN_TYPE = YES_ERROR;
				GCC_WARN_UNDECLARED_SELECTOR = YES;
				GCC_WARN_UNINITIALIZED_AUTOS = YES_AGGRESSIVE;
				GCC_WARN_UNUSED_FUNCTION = YES;
				GCC_WARN_UNUSED_VARIABLE = YES;
				IPHONEOS_DEPLOYMENT_TARGET = 10.0;
				MTL_ENABLE_DEBUG_INFO = YES;
				ONLY_ACTIVE_ARCH = YES;
				SDKROOT = iphoneos;
				SWIFT_ACTIVE_COMPILATION_CONDITIONS = DEBUG;
				SWIFT_OPTIMIZATION_LEVEL = "-Onone";
			};
			name = Debug;
		};
		D788AAFF1D9F76D70077AA0B /* Release */ = {
			isa = XCBuildConfiguration;
			buildSettings = {
				ALWAYS_SEARCH_USER_PATHS = NO;
				CLANG_ANALYZER_NONNULL = YES;
				CLANG_CXX_LANGUAGE_STANDARD = "gnu++0x";
				CLANG_CXX_LIBRARY = "libc++";
				CLANG_ENABLE_MODULES = YES;
				CLANG_ENABLE_OBJC_ARC = YES;
				CLANG_WARN_BOOL_CONVERSION = YES;
				CLANG_WARN_CONSTANT_CONVERSION = YES;
				CLANG_WARN_DIRECT_OBJC_ISA_USAGE = YES_ERROR;
				CLANG_WARN_DOCUMENTATION_COMMENTS = YES;
				CLANG_WARN_EMPTY_BODY = YES;
				CLANG_WARN_ENUM_CONVERSION = YES;
				CLANG_WARN_INFINITE_RECURSION = YES;
				CLANG_WARN_INT_CONVERSION = YES;
				CLANG_WARN_OBJC_ROOT_CLASS = YES_ERROR;
				CLANG_WARN_SUSPICIOUS_MOVES = YES;
				CLANG_WARN_UNREACHABLE_CODE = YES;
				CLANG_WARN__DUPLICATE_METHOD_MATCH = YES;
				"CODE_SIGN_IDENTITY[sdk=iphoneos*]" = "iPhone Developer";
				COPY_PHASE_STRIP = NO;
				DEBUG_INFORMATION_FORMAT = "dwarf-with-dsym";
				ENABLE_NS_ASSERTIONS = NO;
				ENABLE_STRICT_OBJC_MSGSEND = YES;
				GCC_C_LANGUAGE_STANDARD = gnu99;
				GCC_NO_COMMON_BLOCKS = YES;
				GCC_WARN_64_TO_32_BIT_CONVERSION = YES;
				GCC_WARN_ABOUT_RETURN_TYPE = YES_ERROR;
				GCC_WARN_UNDECLARED_SELECTOR = YES;
				GCC_WARN_UNINITIALIZED_AUTOS = YES_AGGRESSIVE;
				GCC_WARN_UNUSED_FUNCTION = YES;
				GCC_WARN_UNUSED_VARIABLE = YES;
				IPHONEOS_DEPLOYMENT_TARGET = 10.0;
				MTL_ENABLE_DEBUG_INFO = NO;
				SDKROOT = iphoneos;
				SWIFT_OPTIMIZATION_LEVEL = "-Owholemodule";
				VALIDATE_PRODUCT = YES;
			};
			name = Release;
		};
		D788AB011D9F76D70077AA0B /* Debug */ = {
			isa = XCBuildConfiguration;
			buildSettings = {
				ASSETCATALOG_COMPILER_APPICON_NAME = AppIcon;
				DEVELOPMENT_TEAM = 88UZ84VZEF;
				INFOPLIST_FILE = UserDefaultsLesson/Info.plist;
				LD_RUNPATH_SEARCH_PATHS = "$(inherited) @executable_path/Frameworks";
				PRODUCT_BUNDLE_IDENTIFIER = com.denvercoder.UserDefaultsLesson;
				PRODUCT_NAME = "$(TARGET_NAME)";
				SWIFT_VERSION = 3.0;
			};
			name = Debug;
		};
		D788AB021D9F76D70077AA0B /* Release */ = {
			isa = XCBuildConfiguration;
			buildSettings = {
				ASSETCATALOG_COMPILER_APPICON_NAME = AppIcon;
				DEVELOPMENT_TEAM = 88UZ84VZEF;
				INFOPLIST_FILE = UserDefaultsLesson/Info.plist;
				LD_RUNPATH_SEARCH_PATHS = "$(inherited) @executable_path/Frameworks";
				PRODUCT_BUNDLE_IDENTIFIER = com.denvercoder.UserDefaultsLesson;
				PRODUCT_NAME = "$(TARGET_NAME)";
				SWIFT_VERSION = 3.0;
			};
			name = Release;
		};
/* End XCBuildConfiguration section */

/* Begin XCConfigurationList section */
		D788AAE91D9F76D70077AA0B /* Build configuration list for PBXProject "UserDefaultsLesson" */ = {
			isa = XCConfigurationList;
			buildConfigurations = (
				D788AAFE1D9F76D70077AA0B /* Debug */,
				D788AAFF1D9F76D70077AA0B /* Release */,
			);
			defaultConfigurationIsVisible = 0;
			defaultConfigurationName = Release;
		};
		D788AB001D9F76D70077AA0B /* Build configuration list for PBXNativeTarget "UserDefaultsLesson" */ = {
			isa = XCConfigurationList;
			buildConfigurations = (
				D788AB011D9F76D70077AA0B /* Debug */,
				D788AB021D9F76D70077AA0B /* Release */,
			);
			defaultConfigurationIsVisible = 0;
		};
/* End XCConfigurationList section */
	};
	rootObject = D788AAE61D9F76D70077AA0B /* Project object */;
}
